
Microsoft Visual Studio Solution File, Format Version 12.00
# Visual Studio 15
VisualStudioVersion = 15.0.28307.539
MinimumVisualStudioVersion = 10.0.40219.1
Project("{FAE04EC0-301F-11D3-BF4B-00C04F79EFBC}") = "LabNumber8StudentInfo", "LabNumber8StudentInfo\LabNumber8StudentInfo.csproj", "{C9A6A6EE-DDC4-4AA2-B2B5-2A7C99AB5371}"
EndProject
Global
	GlobalSection(SolutionConfigurationPlatforms) = preSolution
		Debug|Any CPU = Debug|Any CPU
		Release|Any CPU = Release|Any CPU
	EndGlobalSection
	GlobalSection(ProjectConfigurationPlatforms) = postSolution
		{C9A6A6EE-DDC4-4AA2-B2B5-2A7C99AB5371}.Debug|Any CPU.ActiveCfg = Debug|Any CPU
		{C9A6A6EE-DDC4-4AA2-B2B5-2A7C99AB5371}.Debug|Any CPU.Build.0 = Debug|Any CPU
		{C9A6A6EE-DDC4-4AA2-B2B5-2A7C99AB5371}.Release|Any CPU.ActiveCfg = Release|Any CPU
		{C9A6A6EE-DDC4-4AA2-B2B5-2A7C99AB5371}.Release|Any CPU.Build.0 = Release|Any CPU
	EndGlobalSection
	GlobalSection(SolutionProperties) = preSolution
		HideSolutionNode = FALSE
	EndGlobalSection
	GlobalSection(ExtensibilityGlobals) = postSolution
		SolutionGuid = {73E715E4-5C32-486E-8645-2D13F370A105}
	EndGlobalSection
EndGlobal
